// !$*UTF8*$!
{
	archiveVersion = 1;
	classes = {
	};
	objectVersion = 50;
	objects = {

/* Begin PBXBuildFile section */
		A4AAADF2246A73DC00BCA4F3 /* AppDelegate.swift in Sources */ = {isa = PBXBuildFile; fileRef = A4AAADF1246A73DC00BCA4F3 /* AppDelegate.swift */; };
		A4AAADF4246A73DC00BCA4F3 /* SceneDelegate.swift in Sources */ = {isa = PBXBuildFile; fileRef = A4AAADF3246A73DC00BCA4F3 /* SceneDelegate.swift */; };
		A4AAADF6246A73DC00BCA4F3 /* ContentView.swift in Sources */ = {isa = PBXBuildFile; fileRef = A4AAADF5246A73DC00BCA4F3 /* ContentView.swift */; };
		A4AAADF8246A73DD00BCA4F3 /* Assets.xcassets in Resources */ = {isa = PBXBuildFile; fileRef = A4AAADF7246A73DD00BCA4F3 /* Assets.xcassets */; };
		A4AAADFB246A73DD00BCA4F3 /* Preview Assets.xcassets in Resources */ = {isa = PBXBuildFile; fileRef = A4AAADFA246A73DD00BCA4F3 /* Preview Assets.xcassets */; };
		A4AAADFE246A73DD00BCA4F3 /* LaunchScreen.storyboard in Resources */ = {isa = PBXBuildFile; fileRef = A4AAADFC246A73DD00BCA4F3 /* LaunchScreen.storyboard */; };
		A4AAAE09246A73DD00BCA4F3 /* AdvancedStateTests.swift in Sources */ = {isa = PBXBuildFile; fileRef = A4AAAE08246A73DD00BCA4F3 /* AdvancedStateTests.swift */; };
		A4AAAE14246A73DD00BCA4F3 /* AdvancedStateUITests.swift in Sources */ = {isa = PBXBuildFile; fileRef = A4AAAE13246A73DD00BCA4F3 /* AdvancedStateUITests.swift */; };
		A4BD898F246A7EF8001E1B7E /* UserSettings.swift in Sources */ = {isa = PBXBuildFile; fileRef = A4BD898E246A7EF8001E1B7E /* UserSettings.swift */; };
		A4BD8991246A8048001E1B7E /* ObservedObjectExample.swift in Sources */ = {isa = PBXBuildFile; fileRef = A4BD8990246A8048001E1B7E /* ObservedObjectExample.swift */; };
		A4BD8993246A84A2001E1B7E /* ObjectWillChangeExample.swift in Sources */ = {isa = PBXBuildFile; fileRef = A4BD8992246A84A2001E1B7E /* ObjectWillChangeExample.swift */; };
		A4BD8995246A84BF001E1B7E /* UserAuthentication.swift in Sources */ = {isa = PBXBuildFile; fileRef = A4BD8994246A84BF001E1B7E /* UserAuthentication.swift */; };
/* End PBXBuildFile section */

/* Begin PBXContainerItemProxy section */
		A4AAAE05246A73DD00BCA4F3 /* PBXContainerItemProxy */ = {
			isa = PBXContainerItemProxy;
			containerPortal = A4AAADE6246A73DC00BCA4F3 /* Project object */;
			proxyType = 1;
			remoteGlobalIDString = A4AAADED246A73DC00BCA4F3;
			remoteInfo = AdvancedState;
		};
		A4AAAE10246A73DD00BCA4F3 /* PBXContainerItemProxy */ = {
			isa = PBXContainerItemProxy;
			containerPortal = A4AAADE6246A73DC00BCA4F3 /* Project object */;
			proxyType = 1;
			remoteGlobalIDString = A4AAADED246A73DC00BCA4F3;
			remoteInfo = AdvancedState;
		};
/* End PBXContainerItemProxy section */

/* Begin PBXFileReference section */
		A4AAADEE246A73DC00BCA4F3 /* AdvancedState.app */ = {isa = PBXFileReference; explicitFileType = wrapper.application; includeInIndex = 0; path = AdvancedState.app; sourceTree = BUILT_PRODUCTS_DIR; };
		A4AAADF1246A73DC00BCA4F3 /* AppDelegate.swift */ = {isa = PBXFileReference; lastKnownFileType = sourcecode.swift; path = AppDelegate.swift; sourceTree = "<group>"; };
		A4AAADF3246A73DC00BCA4F3 /* SceneDelegate.swift */ = {isa = PBXFileReference; lastKnownFileType = sourcecode.swift; path = SceneDelegate.swift; sourceTree = "<group>"; };
		A4AAADF5246A73DC00BCA4F3 /* ContentView.swift */ = {isa = PBXFileReference; lastKnownFileType = sourcecode.swift; path = ContentView.swift; sourceTree = "<group>"; };
		A4AAADF7246A73DD00BCA4F3 /* Assets.xcassets */ = {isa = PBXFileReference; lastKnownFileType = folder.assetcatalog; path = Assets.xcassets; sourceTree = "<group>"; };
		A4AAADFA246A73DD00BCA4F3 /* Preview Assets.xcassets */ = {isa = PBXFileReference; lastKnownFileType = folder.assetcatalog; path = "Preview Assets.xcassets"; sourceTree = "<group>"; };
		A4AAADFD246A73DD00BCA4F3 /* Base */ = {isa = PBXFileReference; lastKnownFileType = file.storyboard; name = Base; path = Base.lproj/LaunchScreen.storyboard; sourceTree = "<group>"; };
		A4AAADFF246A73DD00BCA4F3 /* Info.plist */ = {isa = PBXFileReference; lastKnownFileType = text.plist.xml; path = Info.plist; sourceTree = "<group>"; };
		A4AAAE04246A73DD00BCA4F3 /* AdvancedStateTests.xctest */ = {isa = PBXFileReference; explicitFileType = wrapper.cfbundle; includeInIndex = 0; path = AdvancedStateTests.xctest; sourceTree = BUILT_PRODUCTS_DIR; };
		A4AAAE08246A73DD00BCA4F3 /* AdvancedStateTests.swift */ = {isa = PBXFileReference; lastKnownFileType = sourcecode.swift; path = AdvancedStateTests.swift; sourceTree = "<group>"; };
		A4AAAE0A246A73DD00BCA4F3 /* Info.plist */ = {isa = PBXFileReference; lastKnownFileType = text.plist.xml; path = Info.plist; sourceTree = "<group>"; };
		A4AAAE0F246A73DD00BCA4F3 /* AdvancedStateUITests.xctest */ = {isa = PBXFileReference; explicitFileType = wrapper.cfbundle; includeInIndex = 0; path = AdvancedStateUITests.xctest; sourceTree = BUILT_PRODUCTS_DIR; };
		A4AAAE13246A73DD00BCA4F3 /* AdvancedStateUITests.swift */ = {isa = PBXFileReference; lastKnownFileType = sourcecode.swift; path = AdvancedStateUITests.swift; sourceTree = "<group>"; };
		A4AAAE15246A73DD00BCA4F3 /* Info.plist */ = {isa = PBXFileReference; lastKnownFileType = text.plist.xml; path = Info.plist; sourceTree = "<group>"; };
		A4BD898E246A7EF8001E1B7E /* UserSettings.swift */ = {isa = PBXFileReference; lastKnownFileType = sourcecode.swift; path = UserSettings.swift; sourceTree = "<group>"; };
		A4BD8990246A8048001E1B7E /* ObservedObjectExample.swift */ = {isa = PBXFileReference; lastKnownFileType = sourcecode.swift; path = ObservedObjectExample.swift; sourceTree = "<group>"; };
		A4BD8992246A84A2001E1B7E /* ObjectWillChangeExample.swift */ = {isa = PBXFileReference; lastKnownFileType = sourcecode.swift; path = ObjectWillChangeExample.swift; sourceTree = "<group>"; };
		A4BD8994246A84BF001E1B7E /* UserAuthentication.swift */ = {isa = PBXFileReference; lastKnownFileType = sourcecode.swift; path = UserAuthentication.swift; sourceTree = "<group>"; };
/* End PBXFileReference section */

/* Begin PBXFrameworksBuildPhase section */
		A4AAADEB246A73DC00BCA4F3 /* Frameworks */ = {
			isa = PBXFrameworksBuildPhase;
			buildActionMask = 2147483647;
			files = (
			);
			runOnlyForDeploymentPostprocessing = 0;
		};
		A4AAAE01246A73DD00BCA4F3 /* Frameworks */ = {
			isa = PBXFrameworksBuildPhase;
			buildActionMask = 2147483647;
			files = (
			);
			runOnlyForDeploymentPostprocessing = 0;
		};
		A4AAAE0C246A73DD00BCA4F3 /* Frameworks */ = {
			isa = PBXFrameworksBuildPhase;
			buildActionMask = 2147483647;
			files = (
			);
			runOnlyForDeploymentPostprocessing = 0;
		};
/* End PBXFrameworksBuildPhase section */

/* Begin PBXGroup section */
		A4AAADE5246A73DC00BCA4F3 = {
			isa = PBXGroup;
			children = (
				A4AAADF0246A73DC00BCA4F3 /* AdvancedState */,
				A4AAAE07246A73DD00BCA4F3 /* AdvancedStateTests */,
				A4AAAE12246A73DD00BCA4F3 /* AdvancedStateUITests */,
				A4AAADEF246A73DC00BCA4F3 /* Products */,
			);
			sourceTree = "<group>";
		};
		A4AAADEF246A73DC00BCA4F3 /* Products */ = {
			isa = PBXGroup;
			children = (
				A4AAADEE246A73DC00BCA4F3 /* AdvancedState.app */,
				A4AAAE04246A73DD00BCA4F3 /* AdvancedStateTests.xctest */,
				A4AAAE0F246A73DD00BCA4F3 /* AdvancedStateUITests.xctest */,
			);
			name = Products;
			sourceTree = "<group>";
		};
		A4AAADF0246A73DC00BCA4F3 /* AdvancedState */ = {
			isa = PBXGroup;
			children = (
				A4AAADF1246A73DC00BCA4F3 /* AppDelegate.swift */,
				A4AAADF3246A73DC00BCA4F3 /* SceneDelegate.swift */,
				A4AAADF5246A73DC00BCA4F3 /* ContentView.swift */,
				A4AAADF7246A73DD00BCA4F3 /* Assets.xcassets */,
				A4AAADFC246A73DD00BCA4F3 /* LaunchScreen.storyboard */,
				A4AAADFF246A73DD00BCA4F3 /* Info.plist */,
				A4AAADF9246A73DD00BCA4F3 /* Preview Content */,
				A4BD898E246A7EF8001E1B7E /* UserSettings.swift */,
				A4BD8990246A8048001E1B7E /* ObservedObjectExample.swift */,
				A4BD8992246A84A2001E1B7E /* ObjectWillChangeExample.swift */,
				A4BD8994246A84BF001E1B7E /* UserAuthentication.swift */,
			);
			path = AdvancedState;
			sourceTree = "<group>";
		};
		A4AAADF9246A73DD00BCA4F3 /* Preview Content */ = {
			isa = PBXGroup;
			children = (
				A4AAADFA246A73DD00BCA4F3 /* Preview Assets.xcassets */,
			);
			path = "Preview Content";
			sourceTree = "<group>";
		};
		A4AAAE07246A73DD00BCA4F3 /* AdvancedStateTests */ = {
			isa = PBXGroup;
			children = (
				A4AAAE08246A73DD00BCA4F3 /* AdvancedStateTests.swift */,
				A4AAAE0A246A73DD00BCA4F3 /* Info.plist */,
			);
			path = AdvancedStateTests;
			sourceTree = "<group>";
		};
		A4AAAE12246A73DD00BCA4F3 /* AdvancedStateUITests */ = {
			isa = PBXGroup;
			children = (
				A4AAAE13246A73DD00BCA4F3 /* AdvancedStateUITests.swift */,
				A4AAAE15246A73DD00BCA4F3 /* Info.plist */,
			);
			path = AdvancedStateUITests;
			sourceTree = "<group>";
		};
/* End PBXGroup section */

/* Begin PBXNativeTarget section */
		A4AAADED246A73DC00BCA4F3 /* AdvancedState */ = {
			isa = PBXNativeTarget;
			buildConfigurationList = A4AAAE18246A73DD00BCA4F3 /* Build configuration list for PBXNativeTarget "AdvancedState" */;
			buildPhases = (
				A4AAADEA246A73DC00BCA4F3 /* Sources */,
				A4AAADEB246A73DC00BCA4F3 /* Frameworks */,
				A4AAADEC246A73DC00BCA4F3 /* Resources */,
			);
			buildRules = (
			);
			dependencies = (
			);
			name = AdvancedState;
			productName = AdvancedState;
			productReference = A4AAADEE246A73DC00BCA4F3 /* AdvancedState.app */;
			productType = "com.apple.product-type.application";
		};
		A4AAAE03246A73DD00BCA4F3 /* AdvancedStateTests */ = {
			isa = PBXNativeTarget;
			buildConfigurationList = A4AAAE1B246A73DD00BCA4F3 /* Build configuration list for PBXNativeTarget "AdvancedStateTests" */;
			buildPhases = (
				A4AAAE00246A73DD00BCA4F3 /* Sources */,
				A4AAAE01246A73DD00BCA4F3 /* Frameworks */,
				A4AAAE02246A73DD00BCA4F3 /* Resources */,
			);
			buildRules = (
			);
			dependencies = (
				A4AAAE06246A73DD00BCA4F3 /* PBXTargetDependency */,
			);
			name = AdvancedStateTests;
			productName = AdvancedStateTests;
			productReference = A4AAAE04246A73DD00BCA4F3 /* AdvancedStateTests.xctest */;
			productType = "com.apple.product-type.bundle.unit-test";
		};
		A4AAAE0E246A73DD00BCA4F3 /* AdvancedStateUITests */ = {
			isa = PBXNativeTarget;
			buildConfigurationList = A4AAAE1E246A73DD00BCA4F3 /* Build configuration list for PBXNativeTarget "AdvancedStateUITests" */;
			buildPhases = (
				A4AAAE0B246A73DD00BCA4F3 /* Sources */,
				A4AAAE0C246A73DD00BCA4F3 /* Frameworks */,
				A4AAAE0D246A73DD00BCA4F3 /* Resources */,
			);
			buildRules = (
			);
			dependencies = (
				A4AAAE11246A73DD00BCA4F3 /* PBXTargetDependency */,
			);
			name = AdvancedStateUITests;
			productName = AdvancedStateUITests;
			productReference = A4AAAE0F246A73DD00BCA4F3 /* AdvancedStateUITests.xctest */;
			productType = "com.apple.product-type.bundle.ui-testing";
		};
/* End PBXNativeTarget section */

/* Begin PBXProject section */
		A4AAADE6246A73DC00BCA4F3 /* Project object */ = {
			isa = PBXProject;
			attributes = {
				LastSwiftUpdateCheck = 1140;
				LastUpgradeCheck = 1140;
				ORGANIZATIONNAME = "kim sunchul";
				TargetAttributes = {
					A4AAADED246A73DC00BCA4F3 = {
						CreatedOnToolsVersion = 11.4.1;
					};
					A4AAAE03246A73DD00BCA4F3 = {
						CreatedOnToolsVersion = 11.4.1;
						TestTargetID = A4AAADED246A73DC00BCA4F3;
					};
					A4AAAE0E246A73DD00BCA4F3 = {
						CreatedOnToolsVersion = 11.4.1;
						TestTargetID = A4AAADED246A73DC00BCA4F3;
					};
				};
			};
			buildConfigurationList = A4AAADE9246A73DC00BCA4F3 /* Build configuration list for PBXProject "AdvancedState" */;
			compatibilityVersion = "Xcode 9.3";
			developmentRegion = en;
			hasScannedForEncodings = 0;
			knownRegions = (
				en,
				Base,
			);
			mainGroup = A4AAADE5246A73DC00BCA4F3;
			productRefGroup = A4AAADEF246A73DC00BCA4F3 /* Products */;
			projectDirPath = "";
			projectRoot = "";
			targets = (
				A4AAADED246A73DC00BCA4F3 /* AdvancedState */,
				A4AAAE03246A73DD00BCA4F3 /* AdvancedStateTests */,
				A4AAAE0E246A73DD00BCA4F3 /* AdvancedStateUITests */,
			);
		};
/* End PBXProject section */

/* Begin PBXResourcesBuildPhase section */
		A4AAADEC246A73DC00BCA4F3 /* Resources */ = {
			isa = PBXResourcesBuildPhase;
			buildActionMask = 2147483647;
			files = (
				A4AAADFE246A73DD00BCA4F3 /* LaunchScreen.storyboard in Resources */,
				A4AAADFB246A73DD00BCA4F3 /* Preview Assets.xcassets in Resources */,
				A4AAADF8246A73DD00BCA4F3 /* Assets.xcassets in Resources */,
			);
			runOnlyForDeploymentPostprocessing = 0;
		};
		A4AAAE02246A73DD00BCA4F3 /* Resources */ = {
			isa = PBXResourcesBuildPhase;
			buildActionMask = 2147483647;
			files = (
			);
			runOnlyForDeploymentPostprocessing = 0;
		};
		A4AAAE0D246A73DD00BCA4F3 /* Resources */ = {
			isa = PBXResourcesBuildPhase;
			buildActionMask = 2147483647;
			files = (
			);
			runOnlyForDeploymentPostprocessing = 0;
		};
/* End PBXResourcesBuildPhase section */

/* Begin PBXSourcesBuildPhase section */
		A4AAADEA246A73DC00BCA4F3 /* Sources */ = {
			isa = PBXSourcesBuildPhase;
			buildActionMask = 2147483647;
			files = (
				A4AAADF2246A73DC00BCA4F3 /* AppDelegate.swift in Sources */,
				A4BD8993246A84A2001E1B7E /* ObjectWillChangeExample.swift in Sources */,
				A4BD898F246A7EF8001E1B7E /* UserSettings.swift in Sources */,
				A4BD8995246A84BF001E1B7E /* UserAuthentication.swift in Sources */,
				A4AAADF4246A73DC00BCA4F3 /* SceneDelegate.swift in Sources */,
				A4AAADF6246A73DC00BCA4F3 /* ContentView.swift in Sources */,
				A4BD8991246A8048001E1B7E /* ObservedObjectExample.swift in Sources */,
			);
			runOnlyForDeploymentPostprocessing = 0;
		};
		A4AAAE00246A73DD00BCA4F3 /* Sources */ = {
			isa = PBXSourcesBuildPhase;
			buildActionMask = 2147483647;
			files = (
				A4AAAE09246A73DD00BCA4F3 /* AdvancedStateTests.swift in Sources */,
			);
			runOnlyForDeploymentPostprocessing = 0;
		};
		A4AAAE0B246A73DD00BCA4F3 /* Sources */ = {
			isa = PBXSourcesBuildPhase;
			buildActionMask = 2147483647;
			files = (
				A4AAAE14246A73DD00BCA4F3 /* AdvancedStateUITests.swift in Sources */,
			);
			runOnlyForDeploymentPostprocessing = 0;
		};
/* End PBXSourcesBuildPhase section */

/* Begin PBXTargetDependency section */
		A4AAAE06246A73DD00BCA4F3 /* PBXTargetDependency */ = {
			isa = PBXTargetDependency;
			target = A4AAADED246A73DC00BCA4F3 /* AdvancedState */;
			targetProxy = A4AAAE05246A73DD00BCA4F3 /* PBXContainerItemProxy */;
		};
		A4AAAE11246A73DD00BCA4F3 /* PBXTargetDependency */ = {
			isa = PBXTargetDependency;
			target = A4AAADED246A73DC00BCA4F3 /* AdvancedState */;
			targetProxy = A4AAAE10246A73DD00BCA4F3 /* PBXContainerItemProxy */;
		};
/* End PBXTargetDependency section */

/* Begin PBXVariantGroup section */
		A4AAADFC246A73DD00BCA4F3 /* LaunchScreen.storyboard */ = {
			isa = PBXVariantGroup;
			children = (
				A4AAADFD246A73DD00BCA4F3 /* Base */,
			);
			name = LaunchScreen.storyboard;
			sourceTree = "<group>";
		};
/* End PBXVariantGroup section */

/* Begin XCBuildConfiguration section */
		A4AAAE16246A73DD00BCA4F3 /* Debug */ = {
			isa = XCBuildConfiguration;
			buildSettings = {
				ALWAYS_SEARCH_USER_PATHS = NO;
				CLANG_ANALYZER_NONNULL = YES;
				CLANG_ANALYZER_NUMBER_OBJECT_CONVERSION = YES_AGGRESSIVE;
				CLANG_CXX_LANGUAGE_STANDARD = "gnu++14";
				CLANG_CXX_LIBRARY = "libc++";
				CLANG_ENABLE_MODULES = YES;
				CLANG_ENABLE_OBJC_ARC = YES;
				CLANG_ENABLE_OBJC_WEAK = YES;
				CLANG_WARN_BLOCK_CAPTURE_AUTORELEASING = YES;
				CLANG_WARN_BOOL_CONVERSION = YES;
				CLANG_WARN_COMMA = YES;
				CLANG_WARN_CONSTANT_CONVERSION = YES;
				CLANG_WARN_DEPRECATED_OBJC_IMPLEMENTATIONS = YES;
				CLANG_WARN_DIRECT_OBJC_ISA_USAGE = YES_ERROR;
				CLANG_WARN_DOCUMENTATION_COMMENTS = YES;
				CLANG_WARN_EMPTY_BODY = YES;
				CLANG_WARN_ENUM_CONVERSION = YES;
				CLANG_WARN_INFINITE_RECURSION = YES;
				CLANG_WARN_INT_CONVERSION = YES;
				CLANG_WARN_NON_LITERAL_NULL_CONVERSION = YES;
				CLANG_WARN_OBJC_IMPLICIT_RETAIN_SELF = YES;
				CLANG_WARN_OBJC_LITERAL_CONVERSION = YES;
				CLANG_WARN_OBJC_ROOT_CLASS = YES_ERROR;
				CLANG_WARN_RANGE_LOOP_ANALYSIS = YES;
				CLANG_WARN_STRICT_PROTOTYPES = YES;
				CLANG_WARN_SUSPICIOUS_MOVE = YES;
				CLANG_WARN_UNGUARDED_AVAILABILITY = YES_AGGRESSIVE;
				CLANG_WARN_UNREACHABLE_CODE = YES;
				CLANG_WARN__DUPLICATE_METHOD_MATCH = YES;
				COPY_PHASE_STRIP = NO;
				DEBUG_INFORMATION_FORMAT = dwarf;
				ENABLE_STRICT_OBJC_MSGSEND = YES;
				ENABLE_TESTABILITY = YES;
				GCC_C_LANGUAGE_STANDARD = gnu11;
				GCC_DYNAMIC_NO_PIC = NO;
				GCC_NO_COMMON_BLOCKS = YES;
				GCC_OPTIMIZATION_LEVEL = 0;
				GCC_PREPROCESSOR_DEFINITIONS = (
					"DEBUG=1",
					"$(inherited)",
				);
				GCC_WARN_64_TO_32_BIT_CONVERSION = YES;
				GCC_WARN_ABOUT_RETURN_TYPE = YES_ERROR;
				GCC_WARN_UNDECLARED_SELECTOR = YES;
				GCC_WARN_UNINITIALIZED_AUTOS = YES_AGGRESSIVE;
				GCC_WARN_UNUSED_FUNCTION = YES;
				GCC_WARN_UNUSED_VARIABLE = YES;
				IPHONEOS_DEPLOYMENT_TARGET = 13.4;
				MTL_ENABLE_DEBUG_INFO = INCLUDE_SOURCE;
				MTL_FAST_MATH = YES;
				ONLY_ACTIVE_ARCH = YES;
				SDKROOT = iphoneos;
				SWIFT_ACTIVE_COMPILATION_CONDITIONS = DEBUG;
				SWIFT_OPTIMIZATION_LEVEL = "-Onone";
			};
			name = Debug;
		};
		A4AAAE17246A73DD00BCA4F3 /* Release */ = {
			isa = XCBuildConfiguration;
			buildSettings = {
				ALWAYS_SEARCH_USER_PATHS = NO;
				CLANG_ANALYZER_NONNULL = YES;
				CLANG_ANALYZER_NUMBER_OBJECT_CONVERSION = YES_AGGRESSIVE;
				CLANG_CXX_LANGUAGE_STANDARD = "gnu++14";
				CLANG_CXX_LIBRARY = "libc++";
				CLANG_ENABLE_MODULES = YES;
				CLANG_ENABLE_OBJC_ARC = YES;
				CLANG_ENABLE_OBJC_WEAK = YES;
				CLANG_WARN_BLOCK_CAPTURE_AUTORELEASING = YES;
				CLANG_WARN_BOOL_CONVERSION = YES;
				CLANG_WARN_COMMA = YES;
				CLANG_WARN_CONSTANT_CONVERSION = YES;
				CLANG_WARN_DEPRECATED_OBJC_IMPLEMENTATIONS = YES;
				CLANG_WARN_DIRECT_OBJC_ISA_USAGE = YES_ERROR;
				CLANG_WARN_DOCUMENTATION_COMMENTS = YES;
				CLANG_WARN_EMPTY_BODY = YES;
				CLANG_WARN_ENUM_CONVERSION = YES;
				CLANG_WARN_INFINITE_RECURSION = YES;
				CLANG_WARN_INT_CONVERSION = YES;
				CLANG_WARN_NON_LITERAL_NULL_CONVERSION = YES;
				CLANG_WARN_OBJC_IMPLICIT_RETAIN_SELF = YES;
				CLANG_WARN_OBJC_LITERAL_CONVERSION = YES;
				CLANG_WARN_OBJC_ROOT_CLASS = YES_ERROR;
				CLANG_WARN_RANGE_LOOP_ANALYSIS = YES;
				CLANG_WARN_STRICT_PROTOTYPES = YES;
				CLANG_WARN_SUSPICIOUS_MOVE = YES;
				CLANG_WARN_UNGUARDED_AVAILABILITY = YES_AGGRESSIVE;
				CLANG_WARN_UNREACHABLE_CODE = YES;
				CLANG_WARN__DUPLICATE_METHOD_MATCH = YES;
				COPY_PHASE_STRIP = NO;
				DEBUG_INFORMATION_FORMAT = "dwarf-with-dsym";
				ENABLE_NS_ASSERTIONS = NO;
				ENABLE_STRICT_OBJC_MSGSEND = YES;
				GCC_C_LANGUAGE_STANDARD = gnu11;
				GCC_NO_COMMON_BLOCKS = YES;
				GCC_WARN_64_TO_32_BIT_CONVERSION = YES;
				GCC_WARN_ABOUT_RETURN_TYPE = YES_ERROR;
				GCC_WARN_UNDECLARED_SELECTOR = YES;
				GCC_WARN_UNINITIALIZED_AUTOS = YES_AGGRESSIVE;
				GCC_WARN_UNUSED_FUNCTION = YES;
				GCC_WARN_UNUSED_VARIABLE = YES;
				IPHONEOS_DEPLOYMENT_TARGET = 13.4;
				MTL_ENABLE_DEBUG_INFO = NO;
				MTL_FAST_MATH = YES;
				SDKROOT = iphoneos;
				SWIFT_COMPILATION_MODE = wholemodule;
				SWIFT_OPTIMIZATION_LEVEL = "-O";
				VALIDATE_PRODUCT = YES;
			};
			name = Release;
		};
		A4AAAE19246A73DD00BCA4F3 /* Debug */ = {
			isa = XCBuildConfiguration;
			buildSettings = {
				ASSETCATALOG_COMPILER_APPICON_NAME = AppIcon;
				CODE_SIGN_STYLE = Automatic;
				DEVELOPMENT_ASSET_PATHS = "\"AdvancedState/Preview Content\"";
				ENABLE_PREVIEWS = YES;
				INFOPLIST_FILE = AdvancedState/Info.plist;
				LD_RUNPATH_SEARCH_PATHS = (
					"$(inherited)",
					"@executable_path/Frameworks",
				);
				PRODUCT_BUNDLE_IDENTIFIER = com.tronplay.AdvancedState;
				PRODUCT_NAME = "$(TARGET_NAME)";
				SWIFT_VERSION = 5.0;
				TARGETED_DEVICE_FAMILY = "1,2";
			};
			name = Debug;
		};
		A4AAAE1A246A73DD00BCA4F3 /* Release */ = {
			isa = XCBuildConfiguration;
			buildSettings = {
				ASSETCATALOG_COMPILER_APPICON_NAME = AppIcon;
				CODE_SIGN_STYLE = Automatic;
				DEVELOPMENT_ASSET_PATHS = "\"AdvancedState/Preview Content\"";
				ENABLE_PREVIEWS = YES;
				INFOPLIST_FILE = AdvancedState/Info.plist;
				LD_RUNPATH_SEARCH_PATHS = (
					"$(inherited)",
					"@executable_path/Frameworks",
				);
				PRODUCT_BUNDLE_IDENTIFIER = com.tronplay.AdvancedState;
				PRODUCT_NAME = "$(TARGET_NAME)";
				SWIFT_VERSION = 5.0;
				TARGETED_DEVICE_FAMILY = "1,2";
			};
			name = Release;
		};
		A4AAAE1C246A73DD00BCA4F3 /* Debug */ = {
			isa = XCBuildConfiguration;
			buildSettings = {
				ALWAYS_EMBED_SWIFT_STANDARD_LIBRARIES = YES;
				BUNDLE_LOADER = "$(TEST_HOST)";
				CODE_SIGN_STYLE = Automatic;
				INFOPLIST_FILE = AdvancedStateTests/Info.plist;
				IPHONEOS_DEPLOYMENT_TARGET = 13.4;
				LD_RUNPATH_SEARCH_PATHS = (
					"$(inherited)",
					"@executable_path/Frameworks",
					"@loader_path/Frameworks",
				);
				PRODUCT_BUNDLE_IDENTIFIER = com.tronplay.AdvancedStateTests;
				PRODUCT_NAME = "$(TARGET_NAME)";
				SWIFT_VERSION = 5.0;
				TARGETED_DEVICE_FAMILY = "1,2";
				TEST_HOST = "$(BUILT_PRODUCTS_DIR)/AdvancedState.app/AdvancedState";
			};
			name = Debug;
		};
		A4AAAE1D246A73DD00BCA4F3 /* Release */ = {
			isa = XCBuildConfiguration;
			buildSettings = {
				ALWAYS_EMBED_SWIFT_STANDARD_LIBRARIES = YES;
				BUNDLE_LOADER = "$(TEST_HOST)";
				CODE_SIGN_STYLE = Automatic;
				INFOPLIST_FILE = AdvancedStateTests/Info.plist;
				IPHONEOS_DEPLOYMENT_TARGET = 13.4;
				LD_RUNPATH_SEARCH_PATHS = (
					"$(inherited)",
					"@executable_path/Frameworks",
					"@loader_path/Frameworks",
				);
				PRODUCT_BUNDLE_IDENTIFIER = com.tronplay.AdvancedStateTests;
				PRODUCT_NAME = "$(TARGET_NAME)";
				SWIFT_VERSION = 5.0;
				TARGETED_DEVICE_FAMILY = "1,2";
				TEST_HOST = "$(BUILT_PRODUCTS_DIR)/AdvancedState.app/AdvancedState";
			};
			name = Release;
		};
		A4AAAE1F246A73DD00BCA4F3 /* Debug */ = {
			isa = XCBuildConfiguration;
			buildSettings = {
				ALWAYS_EMBED_SWIFT_STANDARD_LIBRARIES = YES;
				CODE_SIGN_STYLE = Automatic;
				INFOPLIST_FILE = AdvancedStateUITests/Info.plist;
				LD_RUNPATH_SEARCH_PATHS = (
					"$(inherited)",
					"@executable_path/Frameworks",
					"@loader_path/Frameworks",
				);
				PRODUCT_BUNDLE_IDENTIFIER = com.tronplay.AdvancedStateUITests;
				PRODUCT_NAME = "$(TARGET_NAME)";
				SWIFT_VERSION = 5.0;
				TARGETED_DEVICE_FAMILY = "1,2";
				TEST_TARGET_NAME = AdvancedState;
			};
			name = Debug;
		};
		A4AAAE20246A73DD00BCA4F3 /* Release */ = {
			isa = XCBuildConfiguration;
			buildSettings = {
				ALWAYS_EMBED_SWIFT_STANDARD_LIBRARIES = YES;
				CODE_SIGN_STYLE = Automatic;
				INFOPLIST_FILE = AdvancedStateUITests/Info.plist;
				LD_RUNPATH_SEARCH_PATHS = (
					"$(inherited)",
					"@executable_path/Frameworks",
					"@loader_path/Frameworks",
				);
				PRODUCT_BUNDLE_IDENTIFIER = com.tronplay.AdvancedStateUITests;
				PRODUCT_NAME = "$(TARGET_NAME)";
				SWIFT_VERSION = 5.0;
				TARGETED_DEVICE_FAMILY = "1,2";
				TEST_TARGET_NAME = AdvancedState;
			};
			name = Release;
		};
/* End XCBuildConfiguration section */

/* Begin XCConfigurationList section */
		A4AAADE9246A73DC00BCA4F3 /* Build configuration list for PBXProject "AdvancedState" */ = {
			isa = XCConfigurationList;
			buildConfigurations = (
				A4AAAE16246A73DD00BCA4F3 /* Debug */,
				A4AAAE17246A73DD00BCA4F3 /* Release */,
			);
			defaultConfigurationIsVisible = 0;
			defaultConfigurationName = Release;
		};
		A4AAAE18246A73DD00BCA4F3 /* Build configuration list for PBXNativeTarget "AdvancedState" */ = {
			isa = XCConfigurationList;
			buildConfigurations = (
				A4AAAE19246A73DD00BCA4F3 /* Debug */,
				A4AAAE1A246A73DD00BCA4F3 /* Release */,
			);
			defaultConfigurationIsVisible = 0;
			defaultConfigurationName = Release;
		};
		A4AAAE1B246A73DD00BCA4F3 /* Build configuration list for PBXNativeTarget "AdvancedStateTests" */ = {
			isa = XCConfigurationList;
			buildConfigurations = (
				A4AAAE1C246A73DD00BCA4F3 /* Debug */,
				A4AAAE1D246A73DD00BCA4F3 /* Release */,
			);
			defaultConfigurationIsVisible = 0;
			defaultConfigurationName = Release;
		};
		A4AAAE1E246A73DD00BCA4F3 /* Build configuration list for PBXNativeTarget "AdvancedStateUITests" */ = {
			isa = XCConfigurationList;
			buildConfigurations = (
				A4AAAE1F246A73DD00BCA4F3 /* Debug */,
				A4AAAE20246A73DD00BCA4F3 /* Release */,
			);
			defaultConfigurationIsVisible = 0;
			defaultConfigurationName = Release;
		};
/* End XCConfigurationList section */
	};
	rootObject = A4AAADE6246A73DC00BCA4F3 /* Project object */;
}
