// !$*UTF8*$!
{
	archiveVersion = 1;
	classes = {
	};
	objectVersion = 50;
	objects = {

/* Begin PBXBuildFile section */
		A478F7AA244EC51600C3E5A3 /* AppDelegate.swift in Sources */ = {isa = PBXBuildFile; fileRef = A478F7A9244EC51600C3E5A3 /* AppDelegate.swift */; };
		A478F7AC244EC51600C3E5A3 /* SceneDelegate.swift in Sources */ = {isa = PBXBuildFile; fileRef = A478F7AB244EC51600C3E5A3 /* SceneDelegate.swift */; };
		A478F7AE244EC51600C3E5A3 /* ContentView.swift in Sources */ = {isa = PBXBuildFile; fileRef = A478F7AD244EC51600C3E5A3 /* ContentView.swift */; };
		A478F7B0244EC51800C3E5A3 /* Assets.xcassets in Resources */ = {isa = PBXBuildFile; fileRef = A478F7AF244EC51800C3E5A3 /* Assets.xcassets */; };
		A478F7B3244EC51800C3E5A3 /* Preview Assets.xcassets in Resources */ = {isa = PBXBuildFile; fileRef = A478F7B2244EC51800C3E5A3 /* Preview Assets.xcassets */; };
		A478F7B6244EC51800C3E5A3 /* LaunchScreen.storyboard in Resources */ = {isa = PBXBuildFile; fileRef = A478F7B4244EC51800C3E5A3 /* LaunchScreen.storyboard */; };
		A478F7C1244EC51800C3E5A3 /* TextAndImageTests.swift in Sources */ = {isa = PBXBuildFile; fileRef = A478F7C0244EC51800C3E5A3 /* TextAndImageTests.swift */; };
		A478F7CC244EC51800C3E5A3 /* TextAndImageUITests.swift in Sources */ = {isa = PBXBuildFile; fileRef = A478F7CB244EC51800C3E5A3 /* TextAndImageUITests.swift */; };
/* End PBXBuildFile section */

/* Begin PBXContainerItemProxy section */
		A478F7BD244EC51800C3E5A3 /* PBXContainerItemProxy */ = {
			isa = PBXContainerItemProxy;
			containerPortal = A478F79E244EC51600C3E5A3 /* Project object */;
			proxyType = 1;
			remoteGlobalIDString = A478F7A5244EC51600C3E5A3;
			remoteInfo = TextAndImage;
		};
		A478F7C8244EC51800C3E5A3 /* PBXContainerItemProxy */ = {
			isa = PBXContainerItemProxy;
			containerPortal = A478F79E244EC51600C3E5A3 /* Project object */;
			proxyType = 1;
			remoteGlobalIDString = A478F7A5244EC51600C3E5A3;
			remoteInfo = TextAndImage;
		};
/* End PBXContainerItemProxy section */

/* Begin PBXFileReference section */
		A478F7A6244EC51600C3E5A3 /* TextAndImage.app */ = {isa = PBXFileReference; explicitFileType = wrapper.application; includeInIndex = 0; path = TextAndImage.app; sourceTree = BUILT_PRODUCTS_DIR; };
		A478F7A9244EC51600C3E5A3 /* AppDelegate.swift */ = {isa = PBXFileReference; lastKnownFileType = sourcecode.swift; path = AppDelegate.swift; sourceTree = "<group>"; };
		A478F7AB244EC51600C3E5A3 /* SceneDelegate.swift */ = {isa = PBXFileReference; lastKnownFileType = sourcecode.swift; path = SceneDelegate.swift; sourceTree = "<group>"; };
		A478F7AD244EC51600C3E5A3 /* ContentView.swift */ = {isa = PBXFileReference; lastKnownFileType = sourcecode.swift; path = ContentView.swift; sourceTree = "<group>"; };
		A478F7AF244EC51800C3E5A3 /* Assets.xcassets */ = {isa = PBXFileReference; lastKnownFileType = folder.assetcatalog; path = Assets.xcassets; sourceTree = "<group>"; };
		A478F7B2244EC51800C3E5A3 /* Preview Assets.xcassets */ = {isa = PBXFileReference; lastKnownFileType = folder.assetcatalog; path = "Preview Assets.xcassets"; sourceTree = "<group>"; };
		A478F7B5244EC51800C3E5A3 /* Base */ = {isa = PBXFileReference; lastKnownFileType = file.storyboard; name = Base; path = Base.lproj/LaunchScreen.storyboard; sourceTree = "<group>"; };
		A478F7B7244EC51800C3E5A3 /* Info.plist */ = {isa = PBXFileReference; lastKnownFileType = text.plist.xml; path = Info.plist; sourceTree = "<group>"; };
		A478F7BC244EC51800C3E5A3 /* TextAndImageTests.xctest */ = {isa = PBXFileReference; explicitFileType = wrapper.cfbundle; includeInIndex = 0; path = TextAndImageTests.xctest; sourceTree = BUILT_PRODUCTS_DIR; };
		A478F7C0244EC51800C3E5A3 /* TextAndImageTests.swift */ = {isa = PBXFileReference; lastKnownFileType = sourcecode.swift; path = TextAndImageTests.swift; sourceTree = "<group>"; };
		A478F7C2244EC51800C3E5A3 /* Info.plist */ = {isa = PBXFileReference; lastKnownFileType = text.plist.xml; path = Info.plist; sourceTree = "<group>"; };
		A478F7C7244EC51800C3E5A3 /* TextAndImageUITests.xctest */ = {isa = PBXFileReference; explicitFileType = wrapper.cfbundle; includeInIndex = 0; path = TextAndImageUITests.xctest; sourceTree = BUILT_PRODUCTS_DIR; };
		A478F7CB244EC51800C3E5A3 /* TextAndImageUITests.swift */ = {isa = PBXFileReference; lastKnownFileType = sourcecode.swift; path = TextAndImageUITests.swift; sourceTree = "<group>"; };
		A478F7CD244EC51800C3E5A3 /* Info.plist */ = {isa = PBXFileReference; lastKnownFileType = text.plist.xml; path = Info.plist; sourceTree = "<group>"; };
/* End PBXFileReference section */

/* Begin PBXFrameworksBuildPhase section */
		A478F7A3244EC51600C3E5A3 /* Frameworks */ = {
			isa = PBXFrameworksBuildPhase;
			buildActionMask = 2147483647;
			files = (
			);
			runOnlyForDeploymentPostprocessing = 0;
		};
		A478F7B9244EC51800C3E5A3 /* Frameworks */ = {
			isa = PBXFrameworksBuildPhase;
			buildActionMask = 2147483647;
			files = (
			);
			runOnlyForDeploymentPostprocessing = 0;
		};
		A478F7C4244EC51800C3E5A3 /* Frameworks */ = {
			isa = PBXFrameworksBuildPhase;
			buildActionMask = 2147483647;
			files = (
			);
			runOnlyForDeploymentPostprocessing = 0;
		};
/* End PBXFrameworksBuildPhase section */

/* Begin PBXGroup section */
		A478F79D244EC51600C3E5A3 = {
			isa = PBXGroup;
			children = (
				A478F7A8244EC51600C3E5A3 /* TextAndImage */,
				A478F7BF244EC51800C3E5A3 /* TextAndImageTests */,
				A478F7CA244EC51800C3E5A3 /* TextAndImageUITests */,
				A478F7A7244EC51600C3E5A3 /* Products */,
			);
			sourceTree = "<group>";
		};
		A478F7A7244EC51600C3E5A3 /* Products */ = {
			isa = PBXGroup;
			children = (
				A478F7A6244EC51600C3E5A3 /* TextAndImage.app */,
				A478F7BC244EC51800C3E5A3 /* TextAndImageTests.xctest */,
				A478F7C7244EC51800C3E5A3 /* TextAndImageUITests.xctest */,
			);
			name = Products;
			sourceTree = "<group>";
		};
		A478F7A8244EC51600C3E5A3 /* TextAndImage */ = {
			isa = PBXGroup;
			children = (
				A478F7A9244EC51600C3E5A3 /* AppDelegate.swift */,
				A478F7AB244EC51600C3E5A3 /* SceneDelegate.swift */,
				A478F7AD244EC51600C3E5A3 /* ContentView.swift */,
				A478F7AF244EC51800C3E5A3 /* Assets.xcassets */,
				A478F7B4244EC51800C3E5A3 /* LaunchScreen.storyboard */,
				A478F7B7244EC51800C3E5A3 /* Info.plist */,
				A478F7B1244EC51800C3E5A3 /* Preview Content */,
			);
			path = TextAndImage;
			sourceTree = "<group>";
		};
		A478F7B1244EC51800C3E5A3 /* Preview Content */ = {
			isa = PBXGroup;
			children = (
				A478F7B2244EC51800C3E5A3 /* Preview Assets.xcassets */,
			);
			path = "Preview Content";
			sourceTree = "<group>";
		};
		A478F7BF244EC51800C3E5A3 /* TextAndImageTests */ = {
			isa = PBXGroup;
			children = (
				A478F7C0244EC51800C3E5A3 /* TextAndImageTests.swift */,
				A478F7C2244EC51800C3E5A3 /* Info.plist */,
			);
			path = TextAndImageTests;
			sourceTree = "<group>";
		};
		A478F7CA244EC51800C3E5A3 /* TextAndImageUITests */ = {
			isa = PBXGroup;
			children = (
				A478F7CB244EC51800C3E5A3 /* TextAndImageUITests.swift */,
				A478F7CD244EC51800C3E5A3 /* Info.plist */,
			);
			path = TextAndImageUITests;
			sourceTree = "<group>";
		};
/* End PBXGroup section */

/* Begin PBXNativeTarget section */
		A478F7A5244EC51600C3E5A3 /* TextAndImage */ = {
			isa = PBXNativeTarget;
			buildConfigurationList = A478F7D0244EC51800C3E5A3 /* Build configuration list for PBXNativeTarget "TextAndImage" */;
			buildPhases = (
				A478F7A2244EC51600C3E5A3 /* Sources */,
				A478F7A3244EC51600C3E5A3 /* Frameworks */,
				A478F7A4244EC51600C3E5A3 /* Resources */,
			);
			buildRules = (
			);
			dependencies = (
			);
			name = TextAndImage;
			productName = TextAndImage;
			productReference = A478F7A6244EC51600C3E5A3 /* TextAndImage.app */;
			productType = "com.apple.product-type.application";
		};
		A478F7BB244EC51800C3E5A3 /* TextAndImageTests */ = {
			isa = PBXNativeTarget;
			buildConfigurationList = A478F7D3244EC51800C3E5A3 /* Build configuration list for PBXNativeTarget "TextAndImageTests" */;
			buildPhases = (
				A478F7B8244EC51800C3E5A3 /* Sources */,
				A478F7B9244EC51800C3E5A3 /* Frameworks */,
				A478F7BA244EC51800C3E5A3 /* Resources */,
			);
			buildRules = (
			);
			dependencies = (
				A478F7BE244EC51800C3E5A3 /* PBXTargetDependency */,
			);
			name = TextAndImageTests;
			productName = TextAndImageTests;
			productReference = A478F7BC244EC51800C3E5A3 /* TextAndImageTests.xctest */;
			productType = "com.apple.product-type.bundle.unit-test";
		};
		A478F7C6244EC51800C3E5A3 /* TextAndImageUITests */ = {
			isa = PBXNativeTarget;
			buildConfigurationList = A478F7D6244EC51800C3E5A3 /* Build configuration list for PBXNativeTarget "TextAndImageUITests" */;
			buildPhases = (
				A478F7C3244EC51800C3E5A3 /* Sources */,
				A478F7C4244EC51800C3E5A3 /* Frameworks */,
				A478F7C5244EC51800C3E5A3 /* Resources */,
			);
			buildRules = (
			);
			dependencies = (
				A478F7C9244EC51800C3E5A3 /* PBXTargetDependency */,
			);
			name = TextAndImageUITests;
			productName = TextAndImageUITests;
			productReference = A478F7C7244EC51800C3E5A3 /* TextAndImageUITests.xctest */;
			productType = "com.apple.product-type.bundle.ui-testing";
		};
/* End PBXNativeTarget section */

/* Begin PBXProject section */
		A478F79E244EC51600C3E5A3 /* Project object */ = {
			isa = PBXProject;
			attributes = {
				LastSwiftUpdateCheck = 1140;
				LastUpgradeCheck = 1140;
				ORGANIZATIONNAME = "kim sunchul";
				TargetAttributes = {
					A478F7A5244EC51600C3E5A3 = {
						CreatedOnToolsVersion = 11.4;
					};
					A478F7BB244EC51800C3E5A3 = {
						CreatedOnToolsVersion = 11.4;
						TestTargetID = A478F7A5244EC51600C3E5A3;
					};
					A478F7C6244EC51800C3E5A3 = {
						CreatedOnToolsVersion = 11.4;
						TestTargetID = A478F7A5244EC51600C3E5A3;
					};
				};
			};
			buildConfigurationList = A478F7A1244EC51600C3E5A3 /* Build configuration list for PBXProject "TextAndImage" */;
			compatibilityVersion = "Xcode 9.3";
			developmentRegion = en;
			hasScannedForEncodings = 0;
			knownRegions = (
				en,
				Base,
			);
			mainGroup = A478F79D244EC51600C3E5A3;
			productRefGroup = A478F7A7244EC51600C3E5A3 /* Products */;
			projectDirPath = "";
			projectRoot = "";
			targets = (
				A478F7A5244EC51600C3E5A3 /* TextAndImage */,
				A478F7BB244EC51800C3E5A3 /* TextAndImageTests */,
				A478F7C6244EC51800C3E5A3 /* TextAndImageUITests */,
			);
		};
/* End PBXProject section */

/* Begin PBXResourcesBuildPhase section */
		A478F7A4244EC51600C3E5A3 /* Resources */ = {
			isa = PBXResourcesBuildPhase;
			buildActionMask = 2147483647;
			files = (
				A478F7B6244EC51800C3E5A3 /* LaunchScreen.storyboard in Resources */,
				A478F7B3244EC51800C3E5A3 /* Preview Assets.xcassets in Resources */,
				A478F7B0244EC51800C3E5A3 /* Assets.xcassets in Resources */,
			);
			runOnlyForDeploymentPostprocessing = 0;
		};
		A478F7BA244EC51800C3E5A3 /* Resources */ = {
			isa = PBXResourcesBuildPhase;
			buildActionMask = 2147483647;
			files = (
			);
			runOnlyForDeploymentPostprocessing = 0;
		};
		A478F7C5244EC51800C3E5A3 /* Resources */ = {
			isa = PBXResourcesBuildPhase;
			buildActionMask = 2147483647;
			files = (
			);
			runOnlyForDeploymentPostprocessing = 0;
		};
/* End PBXResourcesBuildPhase section */

/* Begin PBXSourcesBuildPhase section */
		A478F7A2244EC51600C3E5A3 /* Sources */ = {
			isa = PBXSourcesBuildPhase;
			buildActionMask = 2147483647;
			files = (
				A478F7AA244EC51600C3E5A3 /* AppDelegate.swift in Sources */,
				A478F7AC244EC51600C3E5A3 /* SceneDelegate.swift in Sources */,
				A478F7AE244EC51600C3E5A3 /* ContentView.swift in Sources */,
			);
			runOnlyForDeploymentPostprocessing = 0;
		};
		A478F7B8244EC51800C3E5A3 /* Sources */ = {
			isa = PBXSourcesBuildPhase;
			buildActionMask = 2147483647;
			files = (
				A478F7C1244EC51800C3E5A3 /* TextAndImageTests.swift in Sources */,
			);
			runOnlyForDeploymentPostprocessing = 0;
		};
		A478F7C3244EC51800C3E5A3 /* Sources */ = {
			isa = PBXSourcesBuildPhase;
			buildActionMask = 2147483647;
			files = (
				A478F7CC244EC51800C3E5A3 /* TextAndImageUITests.swift in Sources */,
			);
			runOnlyForDeploymentPostprocessing = 0;
		};
/* End PBXSourcesBuildPhase section */

/* Begin PBXTargetDependency section */
		A478F7BE244EC51800C3E5A3 /* PBXTargetDependency */ = {
			isa = PBXTargetDependency;
			target = A478F7A5244EC51600C3E5A3 /* TextAndImage */;
			targetProxy = A478F7BD244EC51800C3E5A3 /* PBXContainerItemProxy */;
		};
		A478F7C9244EC51800C3E5A3 /* PBXTargetDependency */ = {
			isa = PBXTargetDependency;
			target = A478F7A5244EC51600C3E5A3 /* TextAndImage */;
			targetProxy = A478F7C8244EC51800C3E5A3 /* PBXContainerItemProxy */;
		};
/* End PBXTargetDependency section */

/* Begin PBXVariantGroup section */
		A478F7B4244EC51800C3E5A3 /* LaunchScreen.storyboard */ = {
			isa = PBXVariantGroup;
			children = (
				A478F7B5244EC51800C3E5A3 /* Base */,
			);
			name = LaunchScreen.storyboard;
			sourceTree = "<group>";
		};
/* End PBXVariantGroup section */

/* Begin XCBuildConfiguration section */
		A478F7CE244EC51800C3E5A3 /* Debug */ = {
			isa = XCBuildConfiguration;
			buildSettings = {
				ALWAYS_SEARCH_USER_PATHS = NO;
				CLANG_ANALYZER_NONNULL = YES;
				CLANG_ANALYZER_NUMBER_OBJECT_CONVERSION = YES_AGGRESSIVE;
				CLANG_CXX_LANGUAGE_STANDARD = "gnu++14";
				CLANG_CXX_LIBRARY = "libc++";
				CLANG_ENABLE_MODULES = YES;
				CLANG_ENABLE_OBJC_ARC = YES;
				CLANG_ENABLE_OBJC_WEAK = YES;
				CLANG_WARN_BLOCK_CAPTURE_AUTORELEASING = YES;
				CLANG_WARN_BOOL_CONVERSION = YES;
				CLANG_WARN_COMMA = YES;
				CLANG_WARN_CONSTANT_CONVERSION = YES;
				CLANG_WARN_DEPRECATED_OBJC_IMPLEMENTATIONS = YES;
				CLANG_WARN_DIRECT_OBJC_ISA_USAGE = YES_ERROR;
				CLANG_WARN_DOCUMENTATION_COMMENTS = YES;
				CLANG_WARN_EMPTY_BODY = YES;
				CLANG_WARN_ENUM_CONVERSION = YES;
				CLANG_WARN_INFINITE_RECURSION = YES;
				CLANG_WARN_INT_CONVERSION = YES;
				CLANG_WARN_NON_LITERAL_NULL_CONVERSION = YES;
				CLANG_WARN_OBJC_IMPLICIT_RETAIN_SELF = YES;
				CLANG_WARN_OBJC_LITERAL_CONVERSION = YES;
				CLANG_WARN_OBJC_ROOT_CLASS = YES_ERROR;
				CLANG_WARN_RANGE_LOOP_ANALYSIS = YES;
				CLANG_WARN_STRICT_PROTOTYPES = YES;
				CLANG_WARN_SUSPICIOUS_MOVE = YES;
				CLANG_WARN_UNGUARDED_AVAILABILITY = YES_AGGRESSIVE;
				CLANG_WARN_UNREACHABLE_CODE = YES;
				CLANG_WARN__DUPLICATE_METHOD_MATCH = YES;
				COPY_PHASE_STRIP = NO;
				DEBUG_INFORMATION_FORMAT = dwarf;
				ENABLE_STRICT_OBJC_MSGSEND = YES;
				ENABLE_TESTABILITY = YES;
				GCC_C_LANGUAGE_STANDARD = gnu11;
				GCC_DYNAMIC_NO_PIC = NO;
				GCC_NO_COMMON_BLOCKS = YES;
				GCC_OPTIMIZATION_LEVEL = 0;
				GCC_PREPROCESSOR_DEFINITIONS = (
					"DEBUG=1",
					"$(inherited)",
				);
				GCC_WARN_64_TO_32_BIT_CONVERSION = YES;
				GCC_WARN_ABOUT_RETURN_TYPE = YES_ERROR;
				GCC_WARN_UNDECLARED_SELECTOR = YES;
				GCC_WARN_UNINITIALIZED_AUTOS = YES_AGGRESSIVE;
				GCC_WARN_UNUSED_FUNCTION = YES;
				GCC_WARN_UNUSED_VARIABLE = YES;
				IPHONEOS_DEPLOYMENT_TARGET = 13.4;
				MTL_ENABLE_DEBUG_INFO = INCLUDE_SOURCE;
				MTL_FAST_MATH = YES;
				ONLY_ACTIVE_ARCH = YES;
				SDKROOT = iphoneos;
				SWIFT_ACTIVE_COMPILATION_CONDITIONS = DEBUG;
				SWIFT_OPTIMIZATION_LEVEL = "-Onone";
			};
			name = Debug;
		};
		A478F7CF244EC51800C3E5A3 /* Release */ = {
			isa = XCBuildConfiguration;
			buildSettings = {
				ALWAYS_SEARCH_USER_PATHS = NO;
				CLANG_ANALYZER_NONNULL = YES;
				CLANG_ANALYZER_NUMBER_OBJECT_CONVERSION = YES_AGGRESSIVE;
				CLANG_CXX_LANGUAGE_STANDARD = "gnu++14";
				CLANG_CXX_LIBRARY = "libc++";
				CLANG_ENABLE_MODULES = YES;
				CLANG_ENABLE_OBJC_ARC = YES;
				CLANG_ENABLE_OBJC_WEAK = YES;
				CLANG_WARN_BLOCK_CAPTURE_AUTORELEASING = YES;
				CLANG_WARN_BOOL_CONVERSION = YES;
				CLANG_WARN_COMMA = YES;
				CLANG_WARN_CONSTANT_CONVERSION = YES;
				CLANG_WARN_DEPRECATED_OBJC_IMPLEMENTATIONS = YES;
				CLANG_WARN_DIRECT_OBJC_ISA_USAGE = YES_ERROR;
				CLANG_WARN_DOCUMENTATION_COMMENTS = YES;
				CLANG_WARN_EMPTY_BODY = YES;
				CLANG_WARN_ENUM_CONVERSION = YES;
				CLANG_WARN_INFINITE_RECURSION = YES;
				CLANG_WARN_INT_CONVERSION = YES;
				CLANG_WARN_NON_LITERAL_NULL_CONVERSION = YES;
				CLANG_WARN_OBJC_IMPLICIT_RETAIN_SELF = YES;
				CLANG_WARN_OBJC_LITERAL_CONVERSION = YES;
				CLANG_WARN_OBJC_ROOT_CLASS = YES_ERROR;
				CLANG_WARN_RANGE_LOOP_ANALYSIS = YES;
				CLANG_WARN_STRICT_PROTOTYPES = YES;
				CLANG_WARN_SUSPICIOUS_MOVE = YES;
				CLANG_WARN_UNGUARDED_AVAILABILITY = YES_AGGRESSIVE;
				CLANG_WARN_UNREACHABLE_CODE = YES;
				CLANG_WARN__DUPLICATE_METHOD_MATCH = YES;
				COPY_PHASE_STRIP = NO;
				DEBUG_INFORMATION_FORMAT = "dwarf-with-dsym";
				ENABLE_NS_ASSERTIONS = NO;
				ENABLE_STRICT_OBJC_MSGSEND = YES;
				GCC_C_LANGUAGE_STANDARD = gnu11;
				GCC_NO_COMMON_BLOCKS = YES;
				GCC_WARN_64_TO_32_BIT_CONVERSION = YES;
				GCC_WARN_ABOUT_RETURN_TYPE = YES_ERROR;
				GCC_WARN_UNDECLARED_SELECTOR = YES;
				GCC_WARN_UNINITIALIZED_AUTOS = YES_AGGRESSIVE;
				GCC_WARN_UNUSED_FUNCTION = YES;
				GCC_WARN_UNUSED_VARIABLE = YES;
				IPHONEOS_DEPLOYMENT_TARGET = 13.4;
				MTL_ENABLE_DEBUG_INFO = NO;
				MTL_FAST_MATH = YES;
				SDKROOT = iphoneos;
				SWIFT_COMPILATION_MODE = wholemodule;
				SWIFT_OPTIMIZATION_LEVEL = "-O";
				VALIDATE_PRODUCT = YES;
			};
			name = Release;
		};
		A478F7D1244EC51800C3E5A3 /* Debug */ = {
			isa = XCBuildConfiguration;
			buildSettings = {
				ASSETCATALOG_COMPILER_APPICON_NAME = AppIcon;
				CODE_SIGN_STYLE = Automatic;
				DEVELOPMENT_ASSET_PATHS = "\"TextAndImage/Preview Content\"";
				ENABLE_PREVIEWS = YES;
				INFOPLIST_FILE = TextAndImage/Info.plist;
				LD_RUNPATH_SEARCH_PATHS = (
					"$(inherited)",
					"@executable_path/Frameworks",
				);
				PRODUCT_BUNDLE_IDENTIFIER = com.tronplay.TextAndImage;
				PRODUCT_NAME = "$(TARGET_NAME)";
				SWIFT_VERSION = 5.0;
				TARGETED_DEVICE_FAMILY = "1,2";
			};
			name = Debug;
		};
		A478F7D2244EC51800C3E5A3 /* Release */ = {
			isa = XCBuildConfiguration;
			buildSettings = {
				ASSETCATALOG_COMPILER_APPICON_NAME = AppIcon;
				CODE_SIGN_STYLE = Automatic;
				DEVELOPMENT_ASSET_PATHS = "\"TextAndImage/Preview Content\"";
				ENABLE_PREVIEWS = YES;
				INFOPLIST_FILE = TextAndImage/Info.plist;
				LD_RUNPATH_SEARCH_PATHS = (
					"$(inherited)",
					"@executable_path/Frameworks",
				);
				PRODUCT_BUNDLE_IDENTIFIER = com.tronplay.TextAndImage;
				PRODUCT_NAME = "$(TARGET_NAME)";
				SWIFT_VERSION = 5.0;
				TARGETED_DEVICE_FAMILY = "1,2";
			};
			name = Release;
		};
		A478F7D4244EC51800C3E5A3 /* Debug */ = {
			isa = XCBuildConfiguration;
			buildSettings = {
				ALWAYS_EMBED_SWIFT_STANDARD_LIBRARIES = YES;
				BUNDLE_LOADER = "$(TEST_HOST)";
				CODE_SIGN_STYLE = Automatic;
				INFOPLIST_FILE = TextAndImageTests/Info.plist;
				IPHONEOS_DEPLOYMENT_TARGET = 13.4;
				LD_RUNPATH_SEARCH_PATHS = (
					"$(inherited)",
					"@executable_path/Frameworks",
					"@loader_path/Frameworks",
				);
				PRODUCT_BUNDLE_IDENTIFIER = com.tronplay.TextAndImageTests;
				PRODUCT_NAME = "$(TARGET_NAME)";
				SWIFT_VERSION = 5.0;
				TARGETED_DEVICE_FAMILY = "1,2";
				TEST_HOST = "$(BUILT_PRODUCTS_DIR)/TextAndImage.app/TextAndImage";
			};
			name = Debug;
		};
		A478F7D5244EC51800C3E5A3 /* Release */ = {
			isa = XCBuildConfiguration;
			buildSettings = {
				ALWAYS_EMBED_SWIFT_STANDARD_LIBRARIES = YES;
				BUNDLE_LOADER = "$(TEST_HOST)";
				CODE_SIGN_STYLE = Automatic;
				INFOPLIST_FILE = TextAndImageTests/Info.plist;
				IPHONEOS_DEPLOYMENT_TARGET = 13.4;
				LD_RUNPATH_SEARCH_PATHS = (
					"$(inherited)",
					"@executable_path/Frameworks",
					"@loader_path/Frameworks",
				);
				PRODUCT_BUNDLE_IDENTIFIER = com.tronplay.TextAndImageTests;
				PRODUCT_NAME = "$(TARGET_NAME)";
				SWIFT_VERSION = 5.0;
				TARGETED_DEVICE_FAMILY = "1,2";
				TEST_HOST = "$(BUILT_PRODUCTS_DIR)/TextAndImage.app/TextAndImage";
			};
			name = Release;
		};
		A478F7D7244EC51800C3E5A3 /* Debug */ = {
			isa = XCBuildConfiguration;
			buildSettings = {
				ALWAYS_EMBED_SWIFT_STANDARD_LIBRARIES = YES;
				CODE_SIGN_STYLE = Automatic;
				INFOPLIST_FILE = TextAndImageUITests/Info.plist;
				LD_RUNPATH_SEARCH_PATHS = (
					"$(inherited)",
					"@executable_path/Frameworks",
					"@loader_path/Frameworks",
				);
				PRODUCT_BUNDLE_IDENTIFIER = com.tronplay.TextAndImageUITests;
				PRODUCT_NAME = "$(TARGET_NAME)";
				SWIFT_VERSION = 5.0;
				TARGETED_DEVICE_FAMILY = "1,2";
				TEST_TARGET_NAME = TextAndImage;
			};
			name = Debug;
		};
		A478F7D8244EC51800C3E5A3 /* Release */ = {
			isa = XCBuildConfiguration;
			buildSettings = {
				ALWAYS_EMBED_SWIFT_STANDARD_LIBRARIES = YES;
				CODE_SIGN_STYLE = Automatic;
				INFOPLIST_FILE = TextAndImageUITests/Info.plist;
				LD_RUNPATH_SEARCH_PATHS = (
					"$(inherited)",
					"@executable_path/Frameworks",
					"@loader_path/Frameworks",
				);
				PRODUCT_BUNDLE_IDENTIFIER = com.tronplay.TextAndImageUITests;
				PRODUCT_NAME = "$(TARGET_NAME)";
				SWIFT_VERSION = 5.0;
				TARGETED_DEVICE_FAMILY = "1,2";
				TEST_TARGET_NAME = TextAndImage;
			};
			name = Release;
		};
/* End XCBuildConfiguration section */

/* Begin XCConfigurationList section */
		A478F7A1244EC51600C3E5A3 /* Build configuration list for PBXProject "TextAndImage" */ = {
			isa = XCConfigurationList;
			buildConfigurations = (
				A478F7CE244EC51800C3E5A3 /* Debug */,
				A478F7CF244EC51800C3E5A3 /* Release */,
			);
			defaultConfigurationIsVisible = 0;
			defaultConfigurationName = Release;
		};
		A478F7D0244EC51800C3E5A3 /* Build configuration list for PBXNativeTarget "TextAndImage" */ = {
			isa = XCConfigurationList;
			buildConfigurations = (
				A478F7D1244EC51800C3E5A3 /* Debug */,
				A478F7D2244EC51800C3E5A3 /* Release */,
			);
			defaultConfigurationIsVisible = 0;
			defaultConfigurationName = Release;
		};
		A478F7D3244EC51800C3E5A3 /* Build configuration list for PBXNativeTarget "TextAndImageTests" */ = {
			isa = XCConfigurationList;
			buildConfigurations = (
				A478F7D4244EC51800C3E5A3 /* Debug */,
				A478F7D5244EC51800C3E5A3 /* Release */,
			);
			defaultConfigurationIsVisible = 0;
			defaultConfigurationName = Release;
		};
		A478F7D6244EC51800C3E5A3 /* Build configuration list for PBXNativeTarget "TextAndImageUITests" */ = {
			isa = XCConfigurationList;
			buildConfigurations = (
				A478F7D7244EC51800C3E5A3 /* Debug */,
				A478F7D8244EC51800C3E5A3 /* Release */,
			);
			defaultConfigurationIsVisible = 0;
			defaultConfigurationName = Release;
		};
/* End XCConfigurationList section */
	};
	rootObject = A478F79E244EC51600C3E5A3 /* Project object */;
}
